
Microsoft Visual Studio Solution File, Format Version 12.00
# Visual Studio Version 17
VisualStudioVersion = 17.8.34330.188
MinimumVisualStudioVersion = 10.0.40219.1
Project("{FAE04EC0-301F-11D3-BF4B-00C04F79EFBC}") = "MegaManLINK", "MegaManLINK.csproj", "{663738C3-4E3B-4B15-B32D-C4B3C3C03F0A}"
EndProject
Global
	GlobalSection(SolutionConfigurationPlatforms) = preSolution
		Debug|Any CPU = Debug|Any CPU
		Release|Any CPU = Release|Any CPU
	EndGlobalSection
	GlobalSection(ProjectConfigurationPlatforms) = postSolution
		{663738C3-4E3B-4B15-B32D-C4B3C3C03F0A}.Debug|Any CPU.ActiveCfg = Debug|Any CPU
		{663738C3-4E3B-4B15-B32D-C4B3C3C03F0A}.Debug|Any CPU.Build.0 = Debug|Any CPU
		{663738C3-4E3B-4B15-B32D-C4B3C3C03F0A}.Release|Any CPU.ActiveCfg = Release|Any CPU
		{663738C3-4E3B-4B15-B32D-C4B3C3C03F0A}.Release|Any CPU.Build.0 = Release|Any CPU
	EndGlobalSection
	GlobalSection(SolutionProperties) = preSolution
		HideSolutionNode = FALSE
	EndGlobalSection
	GlobalSection(ExtensibilityGlobals) = postSolution
		SolutionGuid = {3FD1FD7E-9932-4AD0-B5DD-5289A6D52068}
	EndGlobalSection
EndGlobal
